
Microsoft Visual Studio Solution File, Format Version 12.00
# Visual Studio Version 17
VisualStudioVersion = 17.6.33723.286
MinimumVisualStudioVersion = 10.0.40219.1
Project("{FAE04EC0-301F-11D3-BF4B-00C04F79EFBC}") = "OOD_Project_Backend", "OOD_Project_Backend\OOD_Project_Backend.csproj", "{735B5F66-6D4B-447D-8016-4A12393CA92A}"
EndProject
Global
	GlobalSection(SolutionConfigurationPlatforms) = preSolution
		Debug|Any CPU = Debug|Any CPU
		Release|Any CPU = Release|Any CPU
	EndGlobalSection
	GlobalSection(ProjectConfigurationPlatforms) = postSolution
		{735B5F66-6D4B-447D-8016-4A12393CA92A}.Debug|Any CPU.ActiveCfg = Debug|Any CPU
		{735B5F66-6D4B-447D-8016-4A12393CA92A}.Debug|Any CPU.Build.0 = Debug|Any CPU
		{735B5F66-6D4B-447D-8016-4A12393CA92A}.Release|Any CPU.ActiveCfg = Release|Any CPU
		{735B5F66-6D4B-447D-8016-4A12393CA92A}.Release|Any CPU.Build.0 = Release|Any CPU
	EndGlobalSection
	GlobalSection(SolutionProperties) = preSolution
		HideSolutionNode = FALSE
	EndGlobalSection
	GlobalSection(ExtensibilityGlobals) = postSolution
		SolutionGuid = {0EF4E5C4-F05B-4BFF-AEE6-6136E88A017F}
	EndGlobalSection
EndGlobal
